
Microsoft Visual Studio Solution File, Format Version 12.00
# Visual Studio Version 16
VisualStudioVersion = 16.0.29424.173
MinimumVisualStudioVersion = 10.0.40219.1
Project("{9A19103F-16F7-4668-BE54-9A1E7A4F7556}") = "UsedVehicleParts.API", "UsedVehicleParts.API\UsedVehicleParts.API.csproj", "{7977EE4A-58E4-4B35-A436-6DC792CA3145}"
EndProject
Project("{9A19103F-16F7-4668-BE54-9A1E7A4F7556}") = "UsedVehicleParts.Tests", "UsedVehicleParts.Tests\UsedVehicleParts.Tests.csproj", "{19FBB854-A432-4EB7-80EC-2BFC29CB4CFF}"
EndProject
Global
	GlobalSection(SolutionConfigurationPlatforms) = preSolution
		Debug|Any CPU = Debug|Any CPU
		Release|Any CPU = Release|Any CPU
	EndGlobalSection
	GlobalSection(ProjectConfigurationPlatforms) = postSolution
		{7977EE4A-58E4-4B35-A436-6DC792CA3145}.Debug|Any CPU.ActiveCfg = Debug|Any CPU
		{7977EE4A-58E4-4B35-A436-6DC792CA3145}.Debug|Any CPU.Build.0 = Debug|Any CPU
		{7977EE4A-58E4-4B35-A436-6DC792CA3145}.Release|Any CPU.ActiveCfg = Release|Any CPU
		{7977EE4A-58E4-4B35-A436-6DC792CA3145}.Release|Any CPU.Build.0 = Release|Any CPU
		{19FBB854-A432-4EB7-80EC-2BFC29CB4CFF}.Debug|Any CPU.ActiveCfg = Debug|Any CPU
		{19FBB854-A432-4EB7-80EC-2BFC29CB4CFF}.Debug|Any CPU.Build.0 = Debug|Any CPU
		{19FBB854-A432-4EB7-80EC-2BFC29CB4CFF}.Release|Any CPU.ActiveCfg = Release|Any CPU
		{19FBB854-A432-4EB7-80EC-2BFC29CB4CFF}.Release|Any CPU.Build.0 = Release|Any CPU
	EndGlobalSection
	GlobalSection(SolutionProperties) = preSolution
		HideSolutionNode = FALSE
	EndGlobalSection
	GlobalSection(ExtensibilityGlobals) = postSolution
		SolutionGuid = {EF026F59-C014-406A-BD4D-F61AA6270869}
	EndGlobalSection
EndGlobal
